
Microsoft Visual Studio Solution File, Format Version 12.00
# Visual Studio 2013
VisualStudioVersion = 12.0.30110.0
MinimumVisualStudioVersion = 10.0.40219.1
Project("{FAE04EC0-301F-11D3-BF4B-00C04F79EFBC}") = "WebPayCheckout", "WebPayCheckout\WebPayCheckout.csproj", "{785C86E9-2DA1-49AE-93AA-93E2E492E544}"
EndProject
Project("{FAE04EC0-301F-11D3-BF4B-00C04F79EFBC}") = "UnitTest", "UnitTest\UnitTest.csproj", "{9C9737AF-3E1D-4565-A13E-DC1073114406}"
EndProject
Global
	GlobalSection(SolutionConfigurationPlatforms) = preSolution
		Debug|Any CPU = Debug|Any CPU
		Release|Any CPU = Release|Any CPU
	EndGlobalSection
	GlobalSection(ProjectConfigurationPlatforms) = postSolution
		{785C86E9-2DA1-49AE-93AA-93E2E492E544}.Debug|Any CPU.ActiveCfg = Debug|Any CPU
		{785C86E9-2DA1-49AE-93AA-93E2E492E544}.Debug|Any CPU.Build.0 = Debug|Any CPU
		{785C86E9-2DA1-49AE-93AA-93E2E492E544}.Release|Any CPU.ActiveCfg = Release|Any CPU
		{785C86E9-2DA1-49AE-93AA-93E2E492E544}.Release|Any CPU.Build.0 = Release|Any CPU
		{9C9737AF-3E1D-4565-A13E-DC1073114406}.Debug|Any CPU.ActiveCfg = Debug|Any CPU
		{9C9737AF-3E1D-4565-A13E-DC1073114406}.Debug|Any CPU.Build.0 = Debug|Any CPU
		{9C9737AF-3E1D-4565-A13E-DC1073114406}.Release|Any CPU.ActiveCfg = Release|Any CPU
		{9C9737AF-3E1D-4565-A13E-DC1073114406}.Release|Any CPU.Build.0 = Release|Any CPU
	EndGlobalSection
	GlobalSection(SolutionProperties) = preSolution
		HideSolutionNode = FALSE
	EndGlobalSection
EndGlobal
